// !$*UTF8*$!
{
	archiveVersion = 1;
	classes = {
	};
	objectVersion = 55;
	objects = {

/* Begin PBXBuildFile section */
		2BEDFF8327EDF50000CF61F0 /* AppDelegate.swift in Sources */ = {isa = PBXBuildFile; fileRef = 2BEDFF8227EDF50000CF61F0 /* AppDelegate.swift */; };
		2BEDFF8527EDF50000CF61F0 /* SceneDelegate.swift in Sources */ = {isa = PBXBuildFile; fileRef = 2BEDFF8427EDF50000CF61F0 /* SceneDelegate.swift */; };
		2BEDFF8727EDF50000CF61F0 /* ViewController.swift in Sources */ = {isa = PBXBuildFile; fileRef = 2BEDFF8627EDF50000CF61F0 /* ViewController.swift */; };
		2BEDFF8A27EDF50000CF61F0 /* Main.storyboard in Resources */ = {isa = PBXBuildFile; fileRef = 2BEDFF8827EDF50000CF61F0 /* Main.storyboard */; };
		2BEDFF8D27EDF50000CF61F0 /* CollectionViewCell.xcdatamodeld in Sources */ = {isa = PBXBuildFile; fileRef = 2BEDFF8B27EDF50000CF61F0 /* CollectionViewCell.xcdatamodeld */; };
		2BEDFF8F27EDF50500CF61F0 /* Assets.xcassets in Resources */ = {isa = PBXBuildFile; fileRef = 2BEDFF8E27EDF50500CF61F0 /* Assets.xcassets */; };
		2BEDFF9227EDF50500CF61F0 /* LaunchScreen.storyboard in Resources */ = {isa = PBXBuildFile; fileRef = 2BEDFF9027EDF50500CF61F0 /* LaunchScreen.storyboard */; };
		2BEDFF9A27EE17C600CF61F0 /* CustomCollectionViewCell.swift in Sources */ = {isa = PBXBuildFile; fileRef = 2BEDFF9927EE17C600CF61F0 /* CustomCollectionViewCell.swift */; };
/* End PBXBuildFile section */

/* Begin PBXFileReference section */
		2BEDFF7F27EDF50000CF61F0 /* CollectionViewCell.app */ = {isa = PBXFileReference; explicitFileType = wrapper.application; includeInIndex = 0; path = CollectionViewCell.app; sourceTree = BUILT_PRODUCTS_DIR; };
		2BEDFF8227EDF50000CF61F0 /* AppDelegate.swift */ = {isa = PBXFileReference; lastKnownFileType = sourcecode.swift; path = AppDelegate.swift; sourceTree = "<group>"; };
		2BEDFF8427EDF50000CF61F0 /* SceneDelegate.swift */ = {isa = PBXFileReference; lastKnownFileType = sourcecode.swift; path = SceneDelegate.swift; sourceTree = "<group>"; };
		2BEDFF8627EDF50000CF61F0 /* ViewController.swift */ = {isa = PBXFileReference; lastKnownFileType = sourcecode.swift; path = ViewController.swift; sourceTree = "<group>"; };
		2BEDFF8927EDF50000CF61F0 /* Base */ = {isa = PBXFileReference; lastKnownFileType = file.storyboard; name = Base; path = Base.lproj/Main.storyboard; sourceTree = "<group>"; };
		2BEDFF8C27EDF50000CF61F0 /* CollectionViewCell.xcdatamodel */ = {isa = PBXFileReference; lastKnownFileType = wrapper.xcdatamodel; path = CollectionViewCell.xcdatamodel; sourceTree = "<group>"; };
		2BEDFF8E27EDF50500CF61F0 /* Assets.xcassets */ = {isa = PBXFileReference; lastKnownFileType = folder.assetcatalog; path = Assets.xcassets; sourceTree = "<group>"; };
		2BEDFF9127EDF50500CF61F0 /* Base */ = {isa = PBXFileReference; lastKnownFileType = file.storyboard; name = Base; path = Base.lproj/LaunchScreen.storyboard; sourceTree = "<group>"; };
		2BEDFF9327EDF50500CF61F0 /* Info.plist */ = {isa = PBXFileReference; lastKnownFileType = text.plist.xml; path = Info.plist; sourceTree = "<group>"; };
		2BEDFF9927EE17C600CF61F0 /* CustomCollectionViewCell.swift */ = {isa = PBXFileReference; lastKnownFileType = sourcecode.swift; path = CustomCollectionViewCell.swift; sourceTree = "<group>"; };
/* End PBXFileReference section */

/* Begin PBXFrameworksBuildPhase section */
		2BEDFF7C27EDF50000CF61F0 /* Frameworks */ = {
			isa = PBXFrameworksBuildPhase;
			buildActionMask = 2147483647;
			files = (
			);
			runOnlyForDeploymentPostprocessing = 0;
		};
/* End PBXFrameworksBuildPhase section */

/* Begin PBXGroup section */
		2BEDFF7627EDF50000CF61F0 = {
			isa = PBXGroup;
			children = (
				2BEDFF8127EDF50000CF61F0 /* CollectionViewCell */,
				2BEDFF8027EDF50000CF61F0 /* Products */,
			);
			sourceTree = "<group>";
		};
		2BEDFF8027EDF50000CF61F0 /* Products */ = {
			isa = PBXGroup;
			children = (
				2BEDFF7F27EDF50000CF61F0 /* CollectionViewCell.app */,
			);
			name = Products;
			sourceTree = "<group>";
		};
		2BEDFF8127EDF50000CF61F0 /* CollectionViewCell */ = {
			isa = PBXGroup;
			children = (
				2BEDFF8227EDF50000CF61F0 /* AppDelegate.swift */,
				2BEDFF8427EDF50000CF61F0 /* SceneDelegate.swift */,
				2BEDFF8627EDF50000CF61F0 /* ViewController.swift */,
				2BEDFF8827EDF50000CF61F0 /* Main.storyboard */,
				2BEDFF8E27EDF50500CF61F0 /* Assets.xcassets */,
				2BEDFF9027EDF50500CF61F0 /* LaunchScreen.storyboard */,
				2BEDFF9327EDF50500CF61F0 /* Info.plist */,
				2BEDFF8B27EDF50000CF61F0 /* CollectionViewCell.xcdatamodeld */,
				2BEDFF9927EE17C600CF61F0 /* CustomCollectionViewCell.swift */,
			);
			path = CollectionViewCell;
			sourceTree = "<group>";
		};
/* End PBXGroup section */

/* Begin PBXNativeTarget section */
		2BEDFF7E27EDF50000CF61F0 /* CollectionViewCell */ = {
			isa = PBXNativeTarget;
			buildConfigurationList = 2BEDFF9627EDF50500CF61F0 /* Build configuration list for PBXNativeTarget "CollectionViewCell" */;
			buildPhases = (
				2BEDFF7B27EDF50000CF61F0 /* Sources */,
				2BEDFF7C27EDF50000CF61F0 /* Frameworks */,
				2BEDFF7D27EDF50000CF61F0 /* Resources */,
			);
			buildRules = (
			);
			dependencies = (
			);
			name = CollectionViewCell;
			productName = CollectionViewCell;
			productReference = 2BEDFF7F27EDF50000CF61F0 /* CollectionViewCell.app */;
			productType = "com.apple.product-type.application";
		};
/* End PBXNativeTarget section */

/* Begin PBXProject section */
		2BEDFF7727EDF50000CF61F0 /* Project object */ = {
			isa = PBXProject;
			attributes = {
				BuildIndependentTargetsInParallel = 1;
				LastSwiftUpdateCheck = 1330;
				LastUpgradeCheck = 1330;
				TargetAttributes = {
					2BEDFF7E27EDF50000CF61F0 = {
						CreatedOnToolsVersion = 13.3;
					};
				};
			};
			buildConfigurationList = 2BEDFF7A27EDF50000CF61F0 /* Build configuration list for PBXProject "CollectionViewCell" */;
			compatibilityVersion = "Xcode 13.0";
			developmentRegion = en;
			hasScannedForEncodings = 0;
			knownRegions = (
				en,
				Base,
			);
			mainGroup = 2BEDFF7627EDF50000CF61F0;
			productRefGroup = 2BEDFF8027EDF50000CF61F0 /* Products */;
			projectDirPath = "";
			projectRoot = "";
			targets = (
				2BEDFF7E27EDF50000CF61F0 /* CollectionViewCell */,
			);
		};
/* End PBXProject section */

/* Begin PBXResourcesBuildPhase section */
		2BEDFF7D27EDF50000CF61F0 /* Resources */ = {
			isa = PBXResourcesBuildPhase;
			buildActionMask = 2147483647;
			files = (
				2BEDFF9227EDF50500CF61F0 /* LaunchScreen.storyboard in Resources */,
				2BEDFF8F27EDF50500CF61F0 /* Assets.xcassets in Resources */,
				2BEDFF8A27EDF50000CF61F0 /* Main.storyboard in Resources */,
			);
			runOnlyForDeploymentPostprocessing = 0;
		};
/* End PBXResourcesBuildPhase section */

/* Begin PBXSourcesBuildPhase section */
		2BEDFF7B27EDF50000CF61F0 /* Sources */ = {
			isa = PBXSourcesBuildPhase;
			buildActionMask = 2147483647;
			files = (
				2BEDFF8727EDF50000CF61F0 /* ViewController.swift in Sources */,
				2BEDFF9A27EE17C600CF61F0 /* CustomCollectionViewCell.swift in Sources */,
				2BEDFF8327EDF50000CF61F0 /* AppDelegate.swift in Sources */,
				2BEDFF8D27EDF50000CF61F0 /* CollectionViewCell.xcdatamodeld in Sources */,
				2BEDFF8527EDF50000CF61F0 /* SceneDelegate.swift in Sources */,
			);
			runOnlyForDeploymentPostprocessing = 0;
		};
/* End PBXSourcesBuildPhase section */

/* Begin PBXVariantGroup section */
		2BEDFF8827EDF50000CF61F0 /* Main.storyboard */ = {
			isa = PBXVariantGroup;
			children = (
				2BEDFF8927EDF50000CF61F0 /* Base */,
			);
			name = Main.storyboard;
			sourceTree = "<group>";
		};
		2BEDFF9027EDF50500CF61F0 /* LaunchScreen.storyboard */ = {
			isa = PBXVariantGroup;
			children = (
				2BEDFF9127EDF50500CF61F0 /* Base */,
			);
			name = LaunchScreen.storyboard;
			sourceTree = "<group>";
		};
/* End PBXVariantGroup section */

/* Begin XCBuildConfiguration section */
		2BEDFF9427EDF50500CF61F0 /* Debug */ = {
			isa = XCBuildConfiguration;
			buildSettings = {
				ALWAYS_SEARCH_USER_PATHS = NO;
				CLANG_ANALYZER_NONNULL = YES;
				CLANG_ANALYZER_NUMBER_OBJECT_CONVERSION = YES_AGGRESSIVE;
				CLANG_CXX_LANGUAGE_STANDARD = "gnu++17";
				CLANG_ENABLE_MODULES = YES;
				CLANG_ENABLE_OBJC_ARC = YES;
				CLANG_ENABLE_OBJC_WEAK = YES;
				CLANG_WARN_BLOCK_CAPTURE_AUTORELEASING = YES;
				CLANG_WARN_BOOL_CONVERSION = YES;
				CLANG_WARN_COMMA = YES;
				CLANG_WARN_CONSTANT_CONVERSION = YES;
				CLANG_WARN_DEPRECATED_OBJC_IMPLEMENTATIONS = YES;
				CLANG_WARN_DIRECT_OBJC_ISA_USAGE = YES_ERROR;
				CLANG_WARN_DOCUMENTATION_COMMENTS = YES;
				CLANG_WARN_EMPTY_BODY = YES;
				CLANG_WARN_ENUM_CONVERSION = YES;
				CLANG_WARN_INFINITE_RECURSION = YES;
				CLANG_WARN_INT_CONVERSION = YES;
				CLANG_WARN_NON_LITERAL_NULL_CONVERSION = YES;
				CLANG_WARN_OBJC_IMPLICIT_RETAIN_SELF = YES;
				CLANG_WARN_OBJC_LITERAL_CONVERSION = YES;
				CLANG_WARN_OBJC_ROOT_CLASS = YES_ERROR;
				CLANG_WARN_QUOTED_INCLUDE_IN_FRAMEWORK_HEADER = YES;
				CLANG_WARN_RANGE_LOOP_ANALYSIS = YES;
				CLANG_WARN_STRICT_PROTOTYPES = YES;
				CLANG_WARN_SUSPICIOUS_MOVE = YES;
				CLANG_WARN_UNGUARDED_AVAILABILITY = YES_AGGRESSIVE;
				CLANG_WARN_UNREACHABLE_CODE = YES;
				CLANG_WARN__DUPLICATE_METHOD_MATCH = YES;
				COPY_PHASE_STRIP = NO;
				DEBUG_INFORMATION_FORMAT = dwarf;
				ENABLE_STRICT_OBJC_MSGSEND = YES;
				ENABLE_TESTABILITY = YES;
				GCC_C_LANGUAGE_STANDARD = gnu11;
				GCC_DYNAMIC_NO_PIC = NO;
				GCC_NO_COMMON_BLOCKS = YES;
				GCC_OPTIMIZATION_LEVEL = 0;
				GCC_PREPROCESSOR_DEFINITIONS = (
					"DEBUG=1",
					"$(inherited)",
				);
				GCC_WARN_64_TO_32_BIT_CONVERSION = YES;
				GCC_WARN_ABOUT_RETURN_TYPE = YES_ERROR;
				GCC_WARN_UNDECLARED_SELECTOR = YES;
				GCC_WARN_UNINITIALIZED_AUTOS = YES_AGGRESSIVE;
				GCC_WARN_UNUSED_FUNCTION = YES;
				GCC_WARN_UNUSED_VARIABLE = YES;
				IPHONEOS_DEPLOYMENT_TARGET = 15.4;
				MTL_ENABLE_DEBUG_INFO = INCLUDE_SOURCE;
				MTL_FAST_MATH = YES;
				ONLY_ACTIVE_ARCH = YES;
				SDKROOT = iphoneos;
				SWIFT_ACTIVE_COMPILATION_CONDITIONS = DEBUG;
				SWIFT_OPTIMIZATION_LEVEL = "-Onone";
			};
			name = Debug;
		};
		2BEDFF9527EDF50500CF61F0 /* Release */ = {
			isa = XCBuildConfiguration;
			buildSettings = {
				ALWAYS_SEARCH_USER_PATHS = NO;
				CLANG_ANALYZER_NONNULL = YES;
				CLANG_ANALYZER_NUMBER_OBJECT_CONVERSION = YES_AGGRESSIVE;
				CLANG_CXX_LANGUAGE_STANDARD = "gnu++17";
				CLANG_ENABLE_MODULES = YES;
				CLANG_ENABLE_OBJC_ARC = YES;
				CLANG_ENABLE_OBJC_WEAK = YES;
				CLANG_WARN_BLOCK_CAPTURE_AUTORELEASING = YES;
				CLANG_WARN_BOOL_CONVERSION = YES;
				CLANG_WARN_COMMA = YES;
				CLANG_WARN_CONSTANT_CONVERSION = YES;
				CLANG_WARN_DEPRECATED_OBJC_IMPLEMENTATIONS = YES;
				CLANG_WARN_DIRECT_OBJC_ISA_USAGE = YES_ERROR;
				CLANG_WARN_DOCUMENTATION_COMMENTS = YES;
				CLANG_WARN_EMPTY_BODY = YES;
				CLANG_WARN_ENUM_CONVERSION = YES;
				CLANG_WARN_INFINITE_RECURSION = YES;
				CLANG_WARN_INT_CONVERSION = YES;
				CLANG_WARN_NON_LITERAL_NULL_CONVERSION = YES;
				CLANG_WARN_OBJC_IMPLICIT_RETAIN_SELF = YES;
				CLANG_WARN_OBJC_LITERAL_CONVERSION = YES;
				CLANG_WARN_OBJC_ROOT_CLASS = YES_ERROR;
				CLANG_WARN_QUOTED_INCLUDE_IN_FRAMEWORK_HEADER = YES;
				CLANG_WARN_RANGE_LOOP_ANALYSIS = YES;
				CLANG_WARN_STRICT_PROTOTYPES = YES;
				CLANG_WARN_SUSPICIOUS_MOVE = YES;
				CLANG_WARN_UNGUARDED_AVAILABILITY = YES_AGGRESSIVE;
				CLANG_WARN_UNREACHABLE_CODE = YES;
				CLANG_WARN__DUPLICATE_METHOD_MATCH = YES;
				COPY_PHASE_STRIP = NO;
				DEBUG_INFORMATION_FORMAT = "dwarf-with-dsym";
				ENABLE_NS_ASSERTIONS = NO;
				ENABLE_STRICT_OBJC_MSGSEND = YES;
				GCC_C_LANGUAGE_STANDARD = gnu11;
				GCC_NO_COMMON_BLOCKS = YES;
				GCC_WARN_64_TO_32_BIT_CONVERSION = YES;
				GCC_WARN_ABOUT_RETURN_TYPE = YES_ERROR;
				GCC_WARN_UNDECLARED_SELECTOR = YES;
				GCC_WARN_UNINITIALIZED_AUTOS = YES_AGGRESSIVE;
				GCC_WARN_UNUSED_FUNCTION = YES;
				GCC_WARN_UNUSED_VARIABLE = YES;
				IPHONEOS_DEPLOYMENT_TARGET = 15.4;
				MTL_ENABLE_DEBUG_INFO = NO;
				MTL_FAST_MATH = YES;
				SDKROOT = iphoneos;
				SWIFT_COMPILATION_MODE = wholemodule;
				SWIFT_OPTIMIZATION_LEVEL = "-O";
				VALIDATE_PRODUCT = YES;
			};
			name = Release;
		};
		2BEDFF9727EDF50500CF61F0 /* Debug */ = {
			isa = XCBuildConfiguration;
			buildSettings = {
				ASSETCATALOG_COMPILER_APPICON_NAME = AppIcon;
				ASSETCATALOG_COMPILER_GLOBAL_ACCENT_COLOR_NAME = AccentColor;
				CODE_SIGN_STYLE = Automatic;
				CURRENT_PROJECT_VERSION = 1;
				GENERATE_INFOPLIST_FILE = YES;
				INFOPLIST_FILE = CollectionViewCell/Info.plist;
				INFOPLIST_KEY_UIApplicationSupportsIndirectInputEvents = YES;
				INFOPLIST_KEY_UILaunchStoryboardName = LaunchScreen;
				INFOPLIST_KEY_UIMainStoryboardFile = Main;
				INFOPLIST_KEY_UISupportedInterfaceOrientations_iPad = "UIInterfaceOrientationPortrait UIInterfaceOrientationPortraitUpsideDown UIInterfaceOrientationLandscapeLeft UIInterfaceOrientationLandscapeRight";
				INFOPLIST_KEY_UISupportedInterfaceOrientations_iPhone = "UIInterfaceOrientationPortrait UIInterfaceOrientationLandscapeLeft UIInterfaceOrientationLandscapeRight";
				LD_RUNPATH_SEARCH_PATHS = (
					"$(inherited)",
					"@executable_path/Frameworks",
				);
				MARKETING_VERSION = 1.0;
				PRODUCT_BUNDLE_IDENTIFIER = Apple.CollectionViewCell;
				PRODUCT_NAME = "$(TARGET_NAME)";
				SWIFT_EMIT_LOC_STRINGS = YES;
				SWIFT_VERSION = 5.0;
				TARGETED_DEVICE_FAMILY = "1,2";
			};
			name = Debug;
		};
		2BEDFF9827EDF50500CF61F0 /* Release */ = {
			isa = XCBuildConfiguration;
			buildSettings = {
				ASSETCATALOG_COMPILER_APPICON_NAME = AppIcon;
				ASSETCATALOG_COMPILER_GLOBAL_ACCENT_COLOR_NAME = AccentColor;
				CODE_SIGN_STYLE = Automatic;
				CURRENT_PROJECT_VERSION = 1;
				GENERATE_INFOPLIST_FILE = YES;
				INFOPLIST_FILE = CollectionViewCell/Info.plist;
				INFOPLIST_KEY_UIApplicationSupportsIndirectInputEvents = YES;
				INFOPLIST_KEY_UILaunchStoryboardName = LaunchScreen;
				INFOPLIST_KEY_UIMainStoryboardFile = Main;
				INFOPLIST_KEY_UISupportedInterfaceOrientations_iPad = "UIInterfaceOrientationPortrait UIInterfaceOrientationPortraitUpsideDown UIInterfaceOrientationLandscapeLeft UIInterfaceOrientationLandscapeRight";
				INFOPLIST_KEY_UISupportedInterfaceOrientations_iPhone = "UIInterfaceOrientationPortrait UIInterfaceOrientationLandscapeLeft UIInterfaceOrientationLandscapeRight";
				LD_RUNPATH_SEARCH_PATHS = (
					"$(inherited)",
					"@executable_path/Frameworks",
				);
				MARKETING_VERSION = 1.0;
				PRODUCT_BUNDLE_IDENTIFIER = Apple.CollectionViewCell;
				PRODUCT_NAME = "$(TARGET_NAME)";
				SWIFT_EMIT_LOC_STRINGS = YES;
				SWIFT_VERSION = 5.0;
				TARGETED_DEVICE_FAMILY = "1,2";
			};
			name = Release;
		};
/* End XCBuildConfiguration section */

/* Begin XCConfigurationList section */
		2BEDFF7A27EDF50000CF61F0 /* Build configuration list for PBXProject "CollectionViewCell" */ = {
			isa = XCConfigurationList;
			buildConfigurations = (
				2BEDFF9427EDF50500CF61F0 /* Debug */,
				2BEDFF9527EDF50500CF61F0 /* Release */,
			);
			defaultConfigurationIsVisible = 0;
			defaultConfigurationName = Release;
		};
		2BEDFF9627EDF50500CF61F0 /* Build configuration list for PBXNativeTarget "CollectionViewCell" */ = {
			isa = XCConfigurationList;
			buildConfigurations = (
				2BEDFF9727EDF50500CF61F0 /* Debug */,
				2BEDFF9827EDF50500CF61F0 /* Release */,
			);
			defaultConfigurationIsVisible = 0;
			defaultConfigurationName = Release;
		};
/* End XCConfigurationList section */

/* Begin XCVersionGroup section */
		2BEDFF8B27EDF50000CF61F0 /* CollectionViewCell.xcdatamodeld */ = {
			isa = XCVersionGroup;
			children = (
				2BEDFF8C27EDF50000CF61F0 /* CollectionViewCell.xcdatamodel */,
			);
			currentVersion = 2BEDFF8C27EDF50000CF61F0 /* CollectionViewCell.xcdatamodel */;
			path = CollectionViewCell.xcdatamodeld;
			sourceTree = "<group>";
			versionGroupType = wrapper.xcdatamodel;
		};
/* End XCVersionGroup section */
	};
	rootObject = 2BEDFF7727EDF50000CF61F0 /* Project object */;
}
